
Microsoft Visual Studio Solution File, Format Version 12.00
# Visual Studio Version 16
VisualStudioVersion = 16.0.29519.181
MinimumVisualStudioVersion = 10.0.40219.1
Project("{FAE04EC0-301F-11D3-BF4B-00C04F79EFBC}") = "Project3", "Project3\Project3.csproj", "{9224E1ED-CB62-4C38-A73A-5801BC68976F}"
EndProject
Global
	GlobalSection(SolutionConfigurationPlatforms) = preSolution
		Debug|Any CPU = Debug|Any CPU
		Release|Any CPU = Release|Any CPU
	EndGlobalSection
	GlobalSection(ProjectConfigurationPlatforms) = postSolution
		{9224E1ED-CB62-4C38-A73A-5801BC68976F}.Debug|Any CPU.ActiveCfg = Debug|Any CPU
		{9224E1ED-CB62-4C38-A73A-5801BC68976F}.Debug|Any CPU.Build.0 = Debug|Any CPU
		{9224E1ED-CB62-4C38-A73A-5801BC68976F}.Release|Any CPU.ActiveCfg = Release|Any CPU
		{9224E1ED-CB62-4C38-A73A-5801BC68976F}.Release|Any CPU.Build.0 = Release|Any CPU
	EndGlobalSection
	GlobalSection(SolutionProperties) = preSolution
		HideSolutionNode = FALSE
	EndGlobalSection
	GlobalSection(ExtensibilityGlobals) = postSolution
		SolutionGuid = {B88BC7FD-055D-4889-B0D6-BE8252B40D80}
	EndGlobalSection
EndGlobal
